
Microsoft Visual Studio Solution File, Format Version 12.00
# Visual Studio Version 17
VisualStudioVersion = 17.9.34723.18
MinimumVisualStudioVersion = 10.0.40219.1
Project("{888888A0-9F3D-457C-B088-3A5042F75D52}") = "Hotelguru_01", "Hotelguru_01\Hotelguru_01.pyproj", "{7DF8B397-3CB2-4F61-8C18-8661BF65648F}"
EndProject
Global
	GlobalSection(SolutionConfigurationPlatforms) = preSolution
		Debug|Any CPU = Debug|Any CPU
		Release|Any CPU = Release|Any CPU
	EndGlobalSection
	GlobalSection(ProjectConfigurationPlatforms) = postSolution
		{7DF8B397-3CB2-4F61-8C18-8661BF65648F}.Debug|Any CPU.ActiveCfg = Debug|Any CPU
		{7DF8B397-3CB2-4F61-8C18-8661BF65648F}.Release|Any CPU.ActiveCfg = Release|Any CPU
	EndGlobalSection
	GlobalSection(SolutionProperties) = preSolution
		HideSolutionNode = FALSE
	EndGlobalSection
	GlobalSection(ExtensibilityGlobals) = postSolution
		SolutionGuid = {27F31612-59D9-42F8-889D-D609D5044065}
	EndGlobalSection
EndGlobal
